// !$*UTF8*$!
{
	archiveVersion = 1;
	classes = {
	};
	objectVersion = 56;
	objects = {

/* Begin PBXBuildFile section */
		F618A2A02BF0C4AD00E7AD08 /* pointModel.swift in Sources */ = {isa = PBXBuildFile; fileRef = F618A29F2BF0C4AD00E7AD08 /* pointModel.swift */; };
		F618A2A62BF0D07C00E7AD08 /* logger.swift in Sources */ = {isa = PBXBuildFile; fileRef = F618A2A52BF0D07C00E7AD08 /* logger.swift */; };
		F618A3112BF2234200E7AD08 /* SettingView.swift in Sources */ = {isa = PBXBuildFile; fileRef = F618A3102BF2234200E7AD08 /* SettingView.swift */; };
		F6B665E92BEED9E5009CD819 /* encfs_mac_clientApp.swift in Sources */ = {isa = PBXBuildFile; fileRef = F6B665E82BEED9E5009CD819 /* encfs_mac_clientApp.swift */; };
		F6B665EF2BEED9E6009CD819 /* Assets.xcassets in Resources */ = {isa = PBXBuildFile; fileRef = F6B665EE2BEED9E6009CD819 /* Assets.xcassets */; };
		F6B665F22BEED9E6009CD819 /* Preview Assets.xcassets in Resources */ = {isa = PBXBuildFile; fileRef = F6B665F12BEED9E6009CD819 /* Preview Assets.xcassets */; };
		F6B665FD2BEEDBCD009CD819 /* ActionView.swift in Sources */ = {isa = PBXBuildFile; fileRef = F6B665F92BEEDBCD009CD819 /* ActionView.swift */; };
		F6B665FE2BEEDBCD009CD819 /* ContentView.swift in Sources */ = {isa = PBXBuildFile; fileRef = F6B665FA2BEEDBCD009CD819 /* ContentView.swift */; };
		F6B665FF2BEEDBCD009CD819 /* ImportView.swift in Sources */ = {isa = PBXBuildFile; fileRef = F6B665FB2BEEDBCD009CD819 /* ImportView.swift */; };
		F6B666012BEEDC19009CD819 /* README.md in Resources */ = {isa = PBXBuildFile; fileRef = F6B666002BEEDC19009CD819 /* README.md */; };
/* End PBXBuildFile section */

/* Begin PBXFileReference section */
		F618A29F2BF0C4AD00E7AD08 /* pointModel.swift */ = {isa = PBXFileReference; lastKnownFileType = sourcecode.swift; path = pointModel.swift; sourceTree = "<group>"; };
		F618A2A52BF0D07C00E7AD08 /* logger.swift */ = {isa = PBXFileReference; lastKnownFileType = sourcecode.swift; path = logger.swift; sourceTree = "<group>"; };
		F618A3102BF2234200E7AD08 /* SettingView.swift */ = {isa = PBXFileReference; lastKnownFileType = sourcecode.swift; path = SettingView.swift; sourceTree = "<group>"; };
		F6B665E52BEED9E5009CD819 /* Encfs Client.app */ = {isa = PBXFileReference; explicitFileType = wrapper.application; includeInIndex = 0; path = "Encfs Client.app"; sourceTree = BUILT_PRODUCTS_DIR; };
		F6B665E82BEED9E5009CD819 /* encfs_mac_clientApp.swift */ = {isa = PBXFileReference; lastKnownFileType = sourcecode.swift; path = encfs_mac_clientApp.swift; sourceTree = "<group>"; };
		F6B665EE2BEED9E6009CD819 /* Assets.xcassets */ = {isa = PBXFileReference; lastKnownFileType = folder.assetcatalog; path = Assets.xcassets; sourceTree = "<group>"; };
		F6B665F12BEED9E6009CD819 /* Preview Assets.xcassets */ = {isa = PBXFileReference; lastKnownFileType = folder.assetcatalog; path = "Preview Assets.xcassets"; sourceTree = "<group>"; };
		F6B665F32BEED9E6009CD819 /* encfs_mac_client.entitlements */ = {isa = PBXFileReference; lastKnownFileType = text.plist.entitlements; path = encfs_mac_client.entitlements; sourceTree = "<group>"; };
		F6B665F92BEEDBCD009CD819 /* ActionView.swift */ = {isa = PBXFileReference; fileEncoding = 4; lastKnownFileType = sourcecode.swift; path = ActionView.swift; sourceTree = "<group>"; };
		F6B665FA2BEEDBCD009CD819 /* ContentView.swift */ = {isa = PBXFileReference; fileEncoding = 4; lastKnownFileType = sourcecode.swift; path = ContentView.swift; sourceTree = "<group>"; };
		F6B665FB2BEEDBCD009CD819 /* ImportView.swift */ = {isa = PBXFileReference; fileEncoding = 4; lastKnownFileType = sourcecode.swift; path = ImportView.swift; sourceTree = "<group>"; };
		F6B666002BEEDC19009CD819 /* README.md */ = {isa = PBXFileReference; lastKnownFileType = net.daringfireball.markdown; path = README.md; sourceTree = "<group>"; };
/* End PBXFileReference section */

/* Begin PBXFrameworksBuildPhase section */
		F6B665E22BEED9E5009CD819 /* Frameworks */ = {
			isa = PBXFrameworksBuildPhase;
			buildActionMask = 2147483647;
			files = (
			);
			runOnlyForDeploymentPostprocessing = 0;
		};
/* End PBXFrameworksBuildPhase section */

/* Begin PBXGroup section */
		F6B665DC2BEED9E5009CD819 = {
			isa = PBXGroup;
			children = (
				F6B666002BEEDC19009CD819 /* README.md */,
				F6B665E72BEED9E5009CD819 /* encfs-mac-client */,
				F6B665E62BEED9E5009CD819 /* Products */,
			);
			sourceTree = "<group>";
		};
		F6B665E62BEED9E5009CD819 /* Products */ = {
			isa = PBXGroup;
			children = (
				F6B665E52BEED9E5009CD819 /* Encfs Client.app */,
			);
			name = Products;
			sourceTree = "<group>";
		};
		F6B665E72BEED9E5009CD819 /* encfs-mac-client */ = {
			isa = PBXGroup;
			children = (
				F6B665E82BEED9E5009CD819 /* encfs_mac_clientApp.swift */,
				F6B665EE2BEED9E6009CD819 /* Assets.xcassets */,
				F6B665FC2BEEDBCD009CD819 /* Views */,
				F6B665F32BEED9E6009CD819 /* encfs_mac_client.entitlements */,
				F6B665F02BEED9E6009CD819 /* Preview Content */,
				F618A29F2BF0C4AD00E7AD08 /* pointModel.swift */,
				F618A2A52BF0D07C00E7AD08 /* logger.swift */,
			);
			path = "encfs-mac-client";
			sourceTree = "<group>";
		};
		F6B665F02BEED9E6009CD819 /* Preview Content */ = {
			isa = PBXGroup;
			children = (
				F6B665F12BEED9E6009CD819 /* Preview Assets.xcassets */,
			);
			path = "Preview Content";
			sourceTree = "<group>";
		};
		F6B665FC2BEEDBCD009CD819 /* Views */ = {
			isa = PBXGroup;
			children = (
				F6B665F92BEEDBCD009CD819 /* ActionView.swift */,
				F6B665FA2BEEDBCD009CD819 /* ContentView.swift */,
				F6B665FB2BEEDBCD009CD819 /* ImportView.swift */,
				F618A3102BF2234200E7AD08 /* SettingView.swift */,
			);
			path = Views;
			sourceTree = "<group>";
		};
/* End PBXGroup section */

/* Begin PBXNativeTarget section */
		F6B665E42BEED9E5009CD819 /* Encfs Client */ = {
			isa = PBXNativeTarget;
			buildConfigurationList = F6B665F62BEED9E6009CD819 /* Build configuration list for PBXNativeTarget "Encfs Client" */;
			buildPhases = (
				F6B665E12BEED9E5009CD819 /* Sources */,
				F6B665E22BEED9E5009CD819 /* Frameworks */,
				F6B665E32BEED9E5009CD819 /* Resources */,
			);
			buildRules = (
			);
			dependencies = (
			);
			name = "Encfs Client";
			productName = "encfs-mac-client";
			productReference = F6B665E52BEED9E5009CD819 /* Encfs Client.app */;
			productType = "com.apple.product-type.application";
		};
/* End PBXNativeTarget section */

/* Begin PBXProject section */
		F6B665DD2BEED9E5009CD819 /* Project object */ = {
			isa = PBXProject;
			attributes = {
				BuildIndependentTargetsInParallel = 1;
				LastSwiftUpdateCheck = 1530;
				LastUpgradeCheck = 1530;
				TargetAttributes = {
					F6B665E42BEED9E5009CD819 = {
						CreatedOnToolsVersion = 15.3;
					};
				};
			};
			buildConfigurationList = F6B665E02BEED9E5009CD819 /* Build configuration list for PBXProject "encfs-mac-client" */;
			compatibilityVersion = "Xcode 14.0";
			developmentRegion = en;
			hasScannedForEncodings = 0;
			knownRegions = (
				en,
				Base,
			);
			mainGroup = F6B665DC2BEED9E5009CD819;
			productRefGroup = F6B665E62BEED9E5009CD819 /* Products */;
			projectDirPath = "";
			projectRoot = "";
			targets = (
				F6B665E42BEED9E5009CD819 /* Encfs Client */,
			);
		};
/* End PBXProject section */

/* Begin PBXResourcesBuildPhase section */
		F6B665E32BEED9E5009CD819 /* Resources */ = {
			isa = PBXResourcesBuildPhase;
			buildActionMask = 2147483647;
			files = (
				F6B666012BEEDC19009CD819 /* README.md in Resources */,
				F6B665F22BEED9E6009CD819 /* Preview Assets.xcassets in Resources */,
				F6B665EF2BEED9E6009CD819 /* Assets.xcassets in Resources */,
			);
			runOnlyForDeploymentPostprocessing = 0;
		};
/* End PBXResourcesBuildPhase section */

/* Begin PBXSourcesBuildPhase section */
		F6B665E12BEED9E5009CD819 /* Sources */ = {
			isa = PBXSourcesBuildPhase;
			buildActionMask = 2147483647;
			files = (
				F6B665FD2BEEDBCD009CD819 /* ActionView.swift in Sources */,
				F6B665FE2BEEDBCD009CD819 /* ContentView.swift in Sources */,
				F6B665E92BEED9E5009CD819 /* encfs_mac_clientApp.swift in Sources */,
				F618A3112BF2234200E7AD08 /* SettingView.swift in Sources */,
				F6B665FF2BEEDBCD009CD819 /* ImportView.swift in Sources */,
				F618A2A02BF0C4AD00E7AD08 /* pointModel.swift in Sources */,
				F618A2A62BF0D07C00E7AD08 /* logger.swift in Sources */,
			);
			runOnlyForDeploymentPostprocessing = 0;
		};
/* End PBXSourcesBuildPhase section */

/* Begin XCBuildConfiguration section */
		F6B665F42BEED9E6009CD819 /* Debug */ = {
			isa = XCBuildConfiguration;
			buildSettings = {
				ALWAYS_SEARCH_USER_PATHS = NO;
				ASSETCATALOG_COMPILER_GENERATE_SWIFT_ASSET_SYMBOL_EXTENSIONS = YES;
				CLANG_ANALYZER_NONNULL = YES;
				CLANG_ANALYZER_NUMBER_OBJECT_CONVERSION = YES_AGGRESSIVE;
				CLANG_CXX_LANGUAGE_STANDARD = "gnu++20";
				CLANG_ENABLE_MODULES = YES;
				CLANG_ENABLE_OBJC_ARC = YES;
				CLANG_ENABLE_OBJC_WEAK = YES;
				CLANG_WARN_BLOCK_CAPTURE_AUTORELEASING = YES;
				CLANG_WARN_BOOL_CONVERSION = YES;
				CLANG_WARN_COMMA = YES;
				CLANG_WARN_CONSTANT_CONVERSION = YES;
				CLANG_WARN_DEPRECATED_OBJC_IMPLEMENTATIONS = YES;
				CLANG_WARN_DIRECT_OBJC_ISA_USAGE = YES_ERROR;
				CLANG_WARN_DOCUMENTATION_COMMENTS = YES;
				CLANG_WARN_EMPTY_BODY = YES;
				CLANG_WARN_ENUM_CONVERSION = YES;
				CLANG_WARN_INFINITE_RECURSION = YES;
				CLANG_WARN_INT_CONVERSION = YES;
				CLANG_WARN_NON_LITERAL_NULL_CONVERSION = YES;
				CLANG_WARN_OBJC_IMPLICIT_RETAIN_SELF = YES;
				CLANG_WARN_OBJC_LITERAL_CONVERSION = YES;
				CLANG_WARN_OBJC_ROOT_CLASS = YES_ERROR;
				CLANG_WARN_QUOTED_INCLUDE_IN_FRAMEWORK_HEADER = YES;
				CLANG_WARN_RANGE_LOOP_ANALYSIS = YES;
				CLANG_WARN_STRICT_PROTOTYPES = YES;
				CLANG_WARN_SUSPICIOUS_MOVE = YES;
				CLANG_WARN_UNGUARDED_AVAILABILITY = YES_AGGRESSIVE;
				CLANG_WARN_UNREACHABLE_CODE = YES;
				CLANG_WARN__DUPLICATE_METHOD_MATCH = YES;
				COPY_PHASE_STRIP = NO;
				DEBUG_INFORMATION_FORMAT = dwarf;
				ENABLE_STRICT_OBJC_MSGSEND = YES;
				ENABLE_TESTABILITY = YES;
				ENABLE_USER_SCRIPT_SANDBOXING = YES;
				GCC_C_LANGUAGE_STANDARD = gnu17;
				GCC_DYNAMIC_NO_PIC = NO;
				GCC_NO_COMMON_BLOCKS = YES;
				GCC_OPTIMIZATION_LEVEL = 0;
				GCC_PREPROCESSOR_DEFINITIONS = (
					"DEBUG=1",
					"$(inherited)",
				);
				GCC_WARN_64_TO_32_BIT_CONVERSION = YES;
				GCC_WARN_ABOUT_RETURN_TYPE = YES_ERROR;
				GCC_WARN_UNDECLARED_SELECTOR = YES;
				GCC_WARN_UNINITIALIZED_AUTOS = YES_AGGRESSIVE;
				GCC_WARN_UNUSED_FUNCTION = YES;
				GCC_WARN_UNUSED_VARIABLE = YES;
				LOCALIZATION_PREFERS_STRING_CATALOGS = YES;
				MACOSX_DEPLOYMENT_TARGET = 14.0;
				MTL_ENABLE_DEBUG_INFO = INCLUDE_SOURCE;
				MTL_FAST_MATH = YES;
				ONLY_ACTIVE_ARCH = NO;
				SDKROOT = macosx;
				SWIFT_ACTIVE_COMPILATION_CONDITIONS = "DEBUG $(inherited)";
				SWIFT_OPTIMIZATION_LEVEL = "-Onone";
			};
			name = Debug;
		};
		F6B665F52BEED9E6009CD819 /* Release */ = {
			isa = XCBuildConfiguration;
			buildSettings = {
				ALWAYS_SEARCH_USER_PATHS = NO;
				ASSETCATALOG_COMPILER_GENERATE_SWIFT_ASSET_SYMBOL_EXTENSIONS = YES;
				CLANG_ANALYZER_NONNULL = YES;
				CLANG_ANALYZER_NUMBER_OBJECT_CONVERSION = YES_AGGRESSIVE;
				CLANG_CXX_LANGUAGE_STANDARD = "gnu++20";
				CLANG_ENABLE_MODULES = YES;
				CLANG_ENABLE_OBJC_ARC = YES;
				CLANG_ENABLE_OBJC_WEAK = YES;
				CLANG_WARN_BLOCK_CAPTURE_AUTORELEASING = YES;
				CLANG_WARN_BOOL_CONVERSION = YES;
				CLANG_WARN_COMMA = YES;
				CLANG_WARN_CONSTANT_CONVERSION = YES;
				CLANG_WARN_DEPRECATED_OBJC_IMPLEMENTATIONS = YES;
				CLANG_WARN_DIRECT_OBJC_ISA_USAGE = YES_ERROR;
				CLANG_WARN_DOCUMENTATION_COMMENTS = YES;
				CLANG_WARN_EMPTY_BODY = YES;
				CLANG_WARN_ENUM_CONVERSION = YES;
				CLANG_WARN_INFINITE_RECURSION = YES;
				CLANG_WARN_INT_CONVERSION = YES;
				CLANG_WARN_NON_LITERAL_NULL_CONVERSION = YES;
				CLANG_WARN_OBJC_IMPLICIT_RETAIN_SELF = YES;
				CLANG_WARN_OBJC_LITERAL_CONVERSION = YES;
				CLANG_WARN_OBJC_ROOT_CLASS = YES_ERROR;
				CLANG_WARN_QUOTED_INCLUDE_IN_FRAMEWORK_HEADER = YES;
				CLANG_WARN_RANGE_LOOP_ANALYSIS = YES;
				CLANG_WARN_STRICT_PROTOTYPES = YES;
				CLANG_WARN_SUSPICIOUS_MOVE = YES;
				CLANG_WARN_UNGUARDED_AVAILABILITY = YES_AGGRESSIVE;
				CLANG_WARN_UNREACHABLE_CODE = YES;
				CLANG_WARN__DUPLICATE_METHOD_MATCH = YES;
				COPY_PHASE_STRIP = NO;
				DEBUG_INFORMATION_FORMAT = "dwarf-with-dsym";
				ENABLE_NS_ASSERTIONS = NO;
				ENABLE_STRICT_OBJC_MSGSEND = YES;
				ENABLE_USER_SCRIPT_SANDBOXING = YES;
				GCC_C_LANGUAGE_STANDARD = gnu17;
				GCC_NO_COMMON_BLOCKS = YES;
				GCC_WARN_64_TO_32_BIT_CONVERSION = YES;
				GCC_WARN_ABOUT_RETURN_TYPE = YES_ERROR;
				GCC_WARN_UNDECLARED_SELECTOR = YES;
				GCC_WARN_UNINITIALIZED_AUTOS = YES_AGGRESSIVE;
				GCC_WARN_UNUSED_FUNCTION = YES;
				GCC_WARN_UNUSED_VARIABLE = YES;
				LOCALIZATION_PREFERS_STRING_CATALOGS = YES;
				MACOSX_DEPLOYMENT_TARGET = 14.0;
				MTL_ENABLE_DEBUG_INFO = NO;
				MTL_FAST_MATH = YES;
				ONLY_ACTIVE_ARCH = YES;
				SDKROOT = macosx;
				SWIFT_COMPILATION_MODE = wholemodule;
			};
			name = Release;
		};
		F6B665F72BEED9E6009CD819 /* Debug */ = {
			isa = XCBuildConfiguration;
			buildSettings = {
				ASSETCATALOG_COMPILER_APPICON_NAME = AppIcon;
				ASSETCATALOG_COMPILER_GLOBAL_ACCENT_COLOR_NAME = AccentColor;
				CODE_SIGN_ENTITLEMENTS = "encfs-mac-client/encfs_mac_client.entitlements";
				CODE_SIGN_STYLE = Automatic;
				COMBINE_HIDPI_IMAGES = YES;
				CURRENT_PROJECT_VERSION = 1;
				DEVELOPMENT_ASSET_PATHS = "\"encfs-mac-client/Preview Content\"";
				DEVELOPMENT_TEAM = 3SC7F58JUJ;
				ENABLE_HARDENED_RUNTIME = YES;
				ENABLE_PREVIEWS = YES;
				GENERATE_INFOPLIST_FILE = YES;
				INFOPLIST_KEY_CFBundleDisplayName = "Encfs Client";
				INFOPLIST_KEY_NSHumanReadableCopyright = "";
				LD_RUNPATH_SEARCH_PATHS = (
					"$(inherited)",
					"@executable_path/../Frameworks",
				);
				MACOSX_DEPLOYMENT_TARGET = 14.0;
				MARKETING_VERSION = 1.0;
				PRODUCT_BUNDLE_IDENTIFIER = "Lewis.encfs-mac-client";
				PRODUCT_NAME = "$(TARGET_NAME)";
				SWIFT_EMIT_LOC_STRINGS = YES;
				SWIFT_VERSION = 5.0;
			};
			name = Debug;
		};
		F6B665F82BEED9E6009CD819 /* Release */ = {
			isa = XCBuildConfiguration;
			buildSettings = {
				ASSETCATALOG_COMPILER_APPICON_NAME = AppIcon;
				ASSETCATALOG_COMPILER_GLOBAL_ACCENT_COLOR_NAME = AccentColor;
				CODE_SIGN_ENTITLEMENTS = "encfs-mac-client/encfs_mac_client.entitlements";
				CODE_SIGN_STYLE = Automatic;
				COMBINE_HIDPI_IMAGES = YES;
				CURRENT_PROJECT_VERSION = 1;
				DEVELOPMENT_ASSET_PATHS = "\"encfs-mac-client/Preview Content\"";
				DEVELOPMENT_TEAM = 3SC7F58JUJ;
				ENABLE_HARDENED_RUNTIME = YES;
				ENABLE_PREVIEWS = YES;
				GENERATE_INFOPLIST_FILE = YES;
				INFOPLIST_KEY_CFBundleDisplayName = "Encfs Client";
				INFOPLIST_KEY_NSHumanReadableCopyright = "";
				LD_RUNPATH_SEARCH_PATHS = (
					"$(inherited)",
					"@executable_path/../Frameworks",
				);
				MACOSX_DEPLOYMENT_TARGET = 14.0;
				MARKETING_VERSION = 1.0;
				PRODUCT_BUNDLE_IDENTIFIER = "Lewis.encfs-mac-client";
				PRODUCT_NAME = "$(TARGET_NAME)";
				SWIFT_EMIT_LOC_STRINGS = YES;
				SWIFT_VERSION = 5.0;
			};
			name = Release;
		};
/* End XCBuildConfiguration section */

/* Begin XCConfigurationList section */
		F6B665E02BEED9E5009CD819 /* Build configuration list for PBXProject "encfs-mac-client" */ = {
			isa = XCConfigurationList;
			buildConfigurations = (
				F6B665F42BEED9E6009CD819 /* Debug */,
				F6B665F52BEED9E6009CD819 /* Release */,
			);
			defaultConfigurationIsVisible = 0;
			defaultConfigurationName = Release;
		};
		F6B665F62BEED9E6009CD819 /* Build configuration list for PBXNativeTarget "Encfs Client" */ = {
			isa = XCConfigurationList;
			buildConfigurations = (
				F6B665F72BEED9E6009CD819 /* Debug */,
				F6B665F82BEED9E6009CD819 /* Release */,
			);
			defaultConfigurationIsVisible = 0;
			defaultConfigurationName = Release;
		};
/* End XCConfigurationList section */
	};
	rootObject = F6B665DD2BEED9E5009CD819 /* Project object */;
}
